# This file is generated by running "yarn install" inside your project.
# Manual changes might be lost - proceed with caution!

__metadata:
  version: 6

"example@workspace:.":
  version: 0.0.0-use.local
  resolution: "example@workspace:."
  dependencies:
    ts-gql-plugin: "link:.."
  languageName: unknown
  linkType: soft

"ts-gql-plugin@link:..::locator=example%40workspace%3A.":
  version: 0.0.0-use.local
  resolution: "ts-gql-plugin@link:..::locator=example%40workspace%3A."
  languageName: node
  linkType: soft
